
Microsoft Visual Studio Solution File, Format Version 12.00
# Visual Studio Version 17
VisualStudioVersion = 17.14.36717.8
MinimumVisualStudioVersion = 10.0.40219.1
Project("{FAE04EC0-301F-11D3-BF4B-00C04F79EFBC}") = "AdventureGame.CLI", "AdventureGame.CLI\AdventureGame.CLI.csproj", "{5B304F69-BF03-4410-84F7-C981ED0B5EBA}"
EndProject
Project("{FAE04EC0-301F-11D3-BF4B-00C04F79EFBC}") = "AdventureGame.Core", "AdventureGame.Core\AdventureGame.Core.csproj", "{670B38AA-7216-496C-ACD1-F4722ADD6721}"
EndProject
Global
	GlobalSection(SolutionConfigurationPlatforms) = preSolution
		Debug|Any CPU = Debug|Any CPU
		Release|Any CPU = Release|Any CPU
	EndGlobalSection
	GlobalSection(ProjectConfigurationPlatforms) = postSolution
		{5B304F69-BF03-4410-84F7-C981ED0B5EBA}.Debug|Any CPU.ActiveCfg = Debug|Any CPU
		{5B304F69-BF03-4410-84F7-C981ED0B5EBA}.Debug|Any CPU.Build.0 = Debug|Any CPU
		{5B304F69-BF03-4410-84F7-C981ED0B5EBA}.Release|Any CPU.ActiveCfg = Release|Any CPU
		{5B304F69-BF03-4410-84F7-C981ED0B5EBA}.Release|Any CPU.Build.0 = Release|Any CPU
		{670B38AA-7216-496C-ACD1-F4722ADD6721}.Debug|Any CPU.ActiveCfg = Debug|Any CPU
		{670B38AA-7216-496C-ACD1-F4722ADD6721}.Debug|Any CPU.Build.0 = Debug|Any CPU
		{670B38AA-7216-496C-ACD1-F4722ADD6721}.Release|Any CPU.ActiveCfg = Release|Any CPU
		{670B38AA-7216-496C-ACD1-F4722ADD6721}.Release|Any CPU.Build.0 = Release|Any CPU
	EndGlobalSection
	GlobalSection(SolutionProperties) = preSolution
		HideSolutionNode = FALSE
	EndGlobalSection
	GlobalSection(ExtensibilityGlobals) = postSolution
		SolutionGuid = {F11C5FD1-2353-4775-AAAF-B724A9DFDC40}
	EndGlobalSection
EndGlobal
